
Microsoft Visual Studio Solution File, Format Version 12.00
# Visual Studio Version 16
VisualStudioVersion = 16.0.32126.315
MinimumVisualStudioVersion = 10.0.40219.1
Project("{9A19103F-16F7-4668-BE54-9A1E7A4F7556}") = "Shop", "Shop\Shop.csproj", "{02EA8FBD-32EA-4C8B-862A-B6D241E2CECC}"
EndProject
Global
	GlobalSection(SolutionConfigurationPlatforms) = preSolution
		Debug|Any CPU = Debug|Any CPU
		Release|Any CPU = Release|Any CPU
	EndGlobalSection
	GlobalSection(ProjectConfigurationPlatforms) = postSolution
		{02EA8FBD-32EA-4C8B-862A-B6D241E2CECC}.Debug|Any CPU.ActiveCfg = Debug|Any CPU
		{02EA8FBD-32EA-4C8B-862A-B6D241E2CECC}.Debug|Any CPU.Build.0 = Debug|Any CPU
		{02EA8FBD-32EA-4C8B-862A-B6D241E2CECC}.Release|Any CPU.ActiveCfg = Release|Any CPU
		{02EA8FBD-32EA-4C8B-862A-B6D241E2CECC}.Release|Any CPU.Build.0 = Release|Any CPU
	EndGlobalSection
	GlobalSection(SolutionProperties) = preSolution
		HideSolutionNode = FALSE
	EndGlobalSection
	GlobalSection(ExtensibilityGlobals) = postSolution
		SolutionGuid = {D678689E-C7F3-4CB9-B5CB-2B6F6975E3B1}
	EndGlobalSection
EndGlobal
